
Microsoft Visual Studio Solution File, Format Version 12.00
# Visual Studio Version 17
VisualStudioVersion = 17.14.36908.2 d17.14
MinimumVisualStudioVersion = 10.0.40219.1
Project("{FAE04EC0-301F-11D3-BF4B-00C04F79EFBC}") = "ASLFE", "ASLFE\ASLFE.csproj", "{BCAD5A97-3A7A-47CB-965D-87776C3F933F}"
EndProject
Global
	GlobalSection(SolutionConfigurationPlatforms) = preSolution
		Debug|Any CPU = Debug|Any CPU
		Release|Any CPU = Release|Any CPU
	EndGlobalSection
	GlobalSection(ProjectConfigurationPlatforms) = postSolution
		{BCAD5A97-3A7A-47CB-965D-87776C3F933F}.Debug|Any CPU.ActiveCfg = Debug|Any CPU
		{BCAD5A97-3A7A-47CB-965D-87776C3F933F}.Debug|Any CPU.Build.0 = Debug|Any CPU
		{BCAD5A97-3A7A-47CB-965D-87776C3F933F}.Release|Any CPU.ActiveCfg = Release|Any CPU
		{BCAD5A97-3A7A-47CB-965D-87776C3F933F}.Release|Any CPU.Build.0 = Release|Any CPU
	EndGlobalSection
	GlobalSection(SolutionProperties) = preSolution
		HideSolutionNode = FALSE
	EndGlobalSection
	GlobalSection(ExtensibilityGlobals) = postSolution
		SolutionGuid = {86E66FD8-EE34-4BDF-9CDE-EF5CECFBE0FC}
	EndGlobalSection
EndGlobal
